
Microsoft Visual Studio Solution File, Format Version 12.00
# Visual Studio 15
VisualStudioVersion = 15.0.25807.0
MinimumVisualStudioVersion = 10.0.40219.1
Project("{2150E333-8FDC-42A3-9474-1A3956D46DE8}") = "Engine", "Engine", "{41331163-E438-4662-9618-3134C8B10681}"
EndProject
Project("{2150E333-8FDC-42A3-9474-1A3956D46DE8}") = "Games", "Games", "{29A49184-C09B-488C-9A32-97208541B009}"
EndProject
Project("{8BC9CEB8-8B4A-11D0-8D11-00A0C91BC942}") = "UE4", "Intermediate\ProjectFiles\UE4.vcxproj", "{7DE30179-953A-4363-95C9-9DEE7C5635DF}"
EndProject
Project("{8BC9CEB8-8B4A-11D0-8D11-00A0C91BC942}") = "Cpp_Arcada_01", "Intermediate\ProjectFiles\Cpp_Arcada_01.vcxproj", "{6A98B559-A534-4D02-8B9D-32F46B982FC8}"
EndProject
Project("{2150E333-8FDC-42A3-9474-1A3956D46DE8}") = "Visualizers", "Visualizers", "{FE46A92B-A044-40B1-AD35-FFE465A78180}"
	ProjectSection(SolutionItems) = preProject
		D:\EpicGames\UE_4.23\Engine\Extras\VisualStudioDebugging\UE4.natvis = D:\EpicGames\UE_4.23\Engine\Extras\VisualStudioDebugging\UE4.natvis
	EndProjectSection
EndProject
Global
	GlobalSection(SolutionConfigurationPlatforms) = preSolution
		DebugGame Editor|Android = DebugGame Editor|Android
		DebugGame Editor|HTML5 = DebugGame Editor|HTML5
		DebugGame Editor|Win32 = DebugGame Editor|Win32
		DebugGame Editor|Win64 = DebugGame Editor|Win64
		DebugGame|Android = DebugGame|Android
		DebugGame|HTML5 = DebugGame|HTML5
		DebugGame|Win32 = DebugGame|Win32
		DebugGame|Win64 = DebugGame|Win64
		Development Editor|Android = Development Editor|Android
		Development Editor|HTML5 = Development Editor|HTML5
		Development Editor|Win32 = Development Editor|Win32
		Development Editor|Win64 = Development Editor|Win64
		Development|Android = Development|Android
		Development|HTML5 = Development|HTML5
		Development|Win32 = Development|Win32
		Development|Win64 = Development|Win64
		Shipping|Android = Shipping|Android
		Shipping|HTML5 = Shipping|HTML5
		Shipping|Win32 = Shipping|Win32
		Shipping|Win64 = Shipping|Win64
	EndGlobalSection
	GlobalSection(ProjectConfigurationPlatforms) = postSolution
		{7DE30179-953A-4363-95C9-9DEE7C5635DF}.DebugGame Editor|Android.ActiveCfg = BuiltWithUnrealBuildTool|Win32
		{7DE30179-953A-4363-95C9-9DEE7C5635DF}.DebugGame Editor|HTML5.ActiveCfg = BuiltWithUnrealBuildTool|Win32
		{7DE30179-953A-4363-95C9-9DEE7C5635DF}.DebugGame Editor|Win32.ActiveCfg = BuiltWithUnrealBuildTool|Win32
		{7DE30179-953A-4363-95C9-9DEE7C5635DF}.DebugGame Editor|Win64.ActiveCfg = BuiltWithUnrealBuildTool|Win32
		{7DE30179-953A-4363-95C9-9DEE7C5635DF}.DebugGame|Android.ActiveCfg = BuiltWithUnrealBuildTool|Win32
		{7DE30179-953A-4363-95C9-9DEE7C5635DF}.DebugGame|HTML5.ActiveCfg = BuiltWithUnrealBuildTool|Win32
		{7DE30179-953A-4363-95C9-9DEE7C5635DF}.DebugGame|Win32.ActiveCfg = BuiltWithUnrealBuildTool|Win32
		{7DE30179-953A-4363-95C9-9DEE7C5635DF}.DebugGame|Win64.ActiveCfg = BuiltWithUnrealBuildTool|Win32
		{7DE30179-953A-4363-95C9-9DEE7C5635DF}.Development Editor|Android.ActiveCfg = BuiltWithUnrealBuildTool|Win32
		{7DE30179-953A-4363-95C9-9DEE7C5635DF}.Development Editor|HTML5.ActiveCfg = BuiltWithUnrealBuildTool|Win32
		{7DE30179-953A-4363-95C9-9DEE7C5635DF}.Development Editor|Win32.ActiveCfg = BuiltWithUnrealBuildTool|Win32
		{7DE30179-953A-4363-95C9-9DEE7C5635DF}.Development Editor|Win64.ActiveCfg = BuiltWithUnrealBuildTool|Win32
		{7DE30179-953A-4363-95C9-9DEE7C5635DF}.Development|Android.ActiveCfg = BuiltWithUnrealBuildTool|Win32
		{7DE30179-953A-4363-95C9-9DEE7C5635DF}.Development|HTML5.ActiveCfg = BuiltWithUnrealBuildTool|Win32
		{7DE30179-953A-4363-95C9-9DEE7C5635DF}.Development|Win32.ActiveCfg = BuiltWithUnrealBuildTool|Win32
		{7DE30179-953A-4363-95C9-9DEE7C5635DF}.Development|Win64.ActiveCfg = BuiltWithUnrealBuildTool|Win32
		{7DE30179-953A-4363-95C9-9DEE7C5635DF}.Shipping|Android.ActiveCfg = BuiltWithUnrealBuildTool|Win32
		{7DE30179-953A-4363-95C9-9DEE7C5635DF}.Shipping|HTML5.ActiveCfg = BuiltWithUnrealBuildTool|Win32
		{7DE30179-953A-4363-95C9-9DEE7C5635DF}.Shipping|Win32.ActiveCfg = BuiltWithUnrealBuildTool|Win32
		{7DE30179-953A-4363-95C9-9DEE7C5635DF}.Shipping|Win64.ActiveCfg = BuiltWithUnrealBuildTool|Win32
		{6A98B559-A534-4D02-8B9D-32F46B982FC8}.DebugGame Editor|Android.ActiveCfg = Invalid|Win32
		{6A98B559-A534-4D02-8B9D-32F46B982FC8}.DebugGame Editor|HTML5.ActiveCfg = Invalid|Win32
		{6A98B559-A534-4D02-8B9D-32F46B982FC8}.DebugGame Editor|Win32.ActiveCfg = Invalid|Win32
		{6A98B559-A534-4D02-8B9D-32F46B982FC8}.DebugGame Editor|Win64.ActiveCfg = DebugGame_Editor|x64
		{6A98B559-A534-4D02-8B9D-32F46B982FC8}.DebugGame Editor|Win64.Build.0 = DebugGame_Editor|x64
		{6A98B559-A534-4D02-8B9D-32F46B982FC8}.DebugGame|Android.ActiveCfg = Android_DebugGame|Win32
		{6A98B559-A534-4D02-8B9D-32F46B982FC8}.DebugGame|Android.Build.0 = Android_DebugGame|Win32
		{6A98B559-A534-4D02-8B9D-32F46B982FC8}.DebugGame|HTML5.ActiveCfg = HTML5_DebugGame|Win32
		{6A98B559-A534-4D02-8B9D-32F46B982FC8}.DebugGame|HTML5.Build.0 = HTML5_DebugGame|Win32
		{6A98B559-A534-4D02-8B9D-32F46B982FC8}.DebugGame|Win32.ActiveCfg = DebugGame|Win32
		{6A98B559-A534-4D02-8B9D-32F46B982FC8}.DebugGame|Win32.Build.0 = DebugGame|Win32
		{6A98B559-A534-4D02-8B9D-32F46B982FC8}.DebugGame|Win64.ActiveCfg = DebugGame|x64
		{6A98B559-A534-4D02-8B9D-32F46B982FC8}.DebugGame|Win64.Build.0 = DebugGame|x64
		{6A98B559-A534-4D02-8B9D-32F46B982FC8}.Development Editor|Android.ActiveCfg = Invalid|Win32
		{6A98B559-A534-4D02-8B9D-32F46B982FC8}.Development Editor|HTML5.ActiveCfg = Invalid|Win32
		{6A98B559-A534-4D02-8B9D-32F46B982FC8}.Development Editor|Win32.ActiveCfg = Invalid|Win32
		{6A98B559-A534-4D02-8B9D-32F46B982FC8}.Development Editor|Win64.ActiveCfg = Development_Editor|x64
		{6A98B559-A534-4D02-8B9D-32F46B982FC8}.Development Editor|Win64.Build.0 = Development_Editor|x64
		{6A98B559-A534-4D02-8B9D-32F46B982FC8}.Development|Android.ActiveCfg = Android_Development|Win32
		{6A98B559-A534-4D02-8B9D-32F46B982FC8}.Development|Android.Build.0 = Android_Development|Win32
		{6A98B559-A534-4D02-8B9D-32F46B982FC8}.Development|HTML5.ActiveCfg = HTML5_Development|Win32
		{6A98B559-A534-4D02-8B9D-32F46B982FC8}.Development|HTML5.Build.0 = HTML5_Development|Win32
		{6A98B559-A534-4D02-8B9D-32F46B982FC8}.Development|Win32.ActiveCfg = Development|Win32
		{6A98B559-A534-4D02-8B9D-32F46B982FC8}.Development|Win32.Build.0 = Development|Win32
		{6A98B559-A534-4D02-8B9D-32F46B982FC8}.Development|Win64.ActiveCfg = Development|x64
		{6A98B559-A534-4D02-8B9D-32F46B982FC8}.Development|Win64.Build.0 = Development|x64
		{6A98B559-A534-4D02-8B9D-32F46B982FC8}.Shipping|Android.ActiveCfg = Android_Shipping|Win32
		{6A98B559-A534-4D02-8B9D-32F46B982FC8}.Shipping|Android.Build.0 = Android_Shipping|Win32
		{6A98B559-A534-4D02-8B9D-32F46B982FC8}.Shipping|HTML5.ActiveCfg = HTML5_Shipping|Win32
		{6A98B559-A534-4D02-8B9D-32F46B982FC8}.Shipping|HTML5.Build.0 = HTML5_Shipping|Win32
		{6A98B559-A534-4D02-8B9D-32F46B982FC8}.Shipping|Win32.ActiveCfg = Shipping|Win32
		{6A98B559-A534-4D02-8B9D-32F46B982FC8}.Shipping|Win32.Build.0 = Shipping|Win32
		{6A98B559-A534-4D02-8B9D-32F46B982FC8}.Shipping|Win64.ActiveCfg = Shipping|x64
		{6A98B559-A534-4D02-8B9D-32F46B982FC8}.Shipping|Win64.Build.0 = Shipping|x64
	EndGlobalSection
	GlobalSection(SolutionProperties) = preSolution
		HideSolutionNode = FALSE
	EndGlobalSection
	GlobalSection(NestedProjects) = preSolution
		{7DE30179-953A-4363-95C9-9DEE7C5635DF} = {41331163-E438-4662-9618-3134C8B10681}
		{6A98B559-A534-4D02-8B9D-32F46B982FC8} = {29A49184-C09B-488C-9A32-97208541B009}
	EndGlobalSection
EndGlobal
