
Microsoft Visual Studio Solution File, Format Version 12.00
# Visual Studio 15
VisualStudioVersion = 15.0.25807.0
MinimumVisualStudioVersion = 10.0.40219.1
Project("{2150E333-8FDC-42A3-9474-1A3956D46DE8}") = "Engine", "Engine", "{C5A973C8-3B95-4B2A-9593-52D080ABA040}"
EndProject
Project("{2150E333-8FDC-42A3-9474-1A3956D46DE8}") = "Games", "Games", "{EEF421A7-6C30-4174-819A-618D21F8000D}"
EndProject
Project("{8BC9CEB8-8B4A-11D0-8D11-00A0C91BC942}") = "UE4", "Intermediate\ProjectFiles\UE4.vcxproj", "{1848B984-BE04-42E8-857A-E4B636EBAE67}"
EndProject
Project("{8BC9CEB8-8B4A-11D0-8D11-00A0C91BC942}") = "MultipleerC", "Intermediate\ProjectFiles\MultipleerC.vcxproj", "{B882436F-A65A-444D-9E12-189D0571563E}"
EndProject
Project("{2150E333-8FDC-42A3-9474-1A3956D46DE8}") = "Visualizers", "Visualizers", "{A38DBC69-EBF0-4724-90B1-FB3F31225F7E}"
	ProjectSection(SolutionItems) = preProject
		..\..\UE_4.22\Engine\Extras\VisualStudioDebugging\UE4.natvis = ..\..\UE_4.22\Engine\Extras\VisualStudioDebugging\UE4.natvis
	EndProjectSection
EndProject
Global
	GlobalSection(SolutionConfigurationPlatforms) = preSolution
		DebugGame Editor|Android = DebugGame Editor|Android
		DebugGame Editor|HTML5 = DebugGame Editor|HTML5
		DebugGame Editor|Win32 = DebugGame Editor|Win32
		DebugGame Editor|Win64 = DebugGame Editor|Win64
		DebugGame|Android = DebugGame|Android
		DebugGame|HTML5 = DebugGame|HTML5
		DebugGame|Win32 = DebugGame|Win32
		DebugGame|Win64 = DebugGame|Win64
		Development Editor|Android = Development Editor|Android
		Development Editor|HTML5 = Development Editor|HTML5
		Development Editor|Win32 = Development Editor|Win32
		Development Editor|Win64 = Development Editor|Win64
		Development|Android = Development|Android
		Development|HTML5 = Development|HTML5
		Development|Win32 = Development|Win32
		Development|Win64 = Development|Win64
		Shipping|Android = Shipping|Android
		Shipping|HTML5 = Shipping|HTML5
		Shipping|Win32 = Shipping|Win32
		Shipping|Win64 = Shipping|Win64
	EndGlobalSection
	GlobalSection(ProjectConfigurationPlatforms) = postSolution
		{1848B984-BE04-42E8-857A-E4B636EBAE67}.DebugGame Editor|Android.ActiveCfg = BuiltWithUnrealBuildTool|Win32
		{1848B984-BE04-42E8-857A-E4B636EBAE67}.DebugGame Editor|HTML5.ActiveCfg = BuiltWithUnrealBuildTool|Win32
		{1848B984-BE04-42E8-857A-E4B636EBAE67}.DebugGame Editor|Win32.ActiveCfg = BuiltWithUnrealBuildTool|Win32
		{1848B984-BE04-42E8-857A-E4B636EBAE67}.DebugGame Editor|Win64.ActiveCfg = BuiltWithUnrealBuildTool|Win32
		{1848B984-BE04-42E8-857A-E4B636EBAE67}.DebugGame|Android.ActiveCfg = BuiltWithUnrealBuildTool|Win32
		{1848B984-BE04-42E8-857A-E4B636EBAE67}.DebugGame|HTML5.ActiveCfg = BuiltWithUnrealBuildTool|Win32
		{1848B984-BE04-42E8-857A-E4B636EBAE67}.DebugGame|Win32.ActiveCfg = BuiltWithUnrealBuildTool|Win32
		{1848B984-BE04-42E8-857A-E4B636EBAE67}.DebugGame|Win64.ActiveCfg = BuiltWithUnrealBuildTool|Win32
		{1848B984-BE04-42E8-857A-E4B636EBAE67}.Development Editor|Android.ActiveCfg = BuiltWithUnrealBuildTool|Win32
		{1848B984-BE04-42E8-857A-E4B636EBAE67}.Development Editor|HTML5.ActiveCfg = BuiltWithUnrealBuildTool|Win32
		{1848B984-BE04-42E8-857A-E4B636EBAE67}.Development Editor|Win32.ActiveCfg = BuiltWithUnrealBuildTool|Win32
		{1848B984-BE04-42E8-857A-E4B636EBAE67}.Development Editor|Win64.ActiveCfg = BuiltWithUnrealBuildTool|Win32
		{1848B984-BE04-42E8-857A-E4B636EBAE67}.Development|Android.ActiveCfg = BuiltWithUnrealBuildTool|Win32
		{1848B984-BE04-42E8-857A-E4B636EBAE67}.Development|HTML5.ActiveCfg = BuiltWithUnrealBuildTool|Win32
		{1848B984-BE04-42E8-857A-E4B636EBAE67}.Development|Win32.ActiveCfg = BuiltWithUnrealBuildTool|Win32
		{1848B984-BE04-42E8-857A-E4B636EBAE67}.Development|Win64.ActiveCfg = BuiltWithUnrealBuildTool|Win32
		{1848B984-BE04-42E8-857A-E4B636EBAE67}.Shipping|Android.ActiveCfg = BuiltWithUnrealBuildTool|Win32
		{1848B984-BE04-42E8-857A-E4B636EBAE67}.Shipping|HTML5.ActiveCfg = BuiltWithUnrealBuildTool|Win32
		{1848B984-BE04-42E8-857A-E4B636EBAE67}.Shipping|Win32.ActiveCfg = BuiltWithUnrealBuildTool|Win32
		{1848B984-BE04-42E8-857A-E4B636EBAE67}.Shipping|Win64.ActiveCfg = BuiltWithUnrealBuildTool|Win32
		{B882436F-A65A-444D-9E12-189D0571563E}.DebugGame Editor|Android.ActiveCfg = Invalid|Win32
		{B882436F-A65A-444D-9E12-189D0571563E}.DebugGame Editor|HTML5.ActiveCfg = Invalid|Win32
		{B882436F-A65A-444D-9E12-189D0571563E}.DebugGame Editor|Win32.ActiveCfg = Invalid|Win32
		{B882436F-A65A-444D-9E12-189D0571563E}.DebugGame Editor|Win64.ActiveCfg = DebugGame_Editor|x64
		{B882436F-A65A-444D-9E12-189D0571563E}.DebugGame Editor|Win64.Build.0 = DebugGame_Editor|x64
		{B882436F-A65A-444D-9E12-189D0571563E}.DebugGame|Android.ActiveCfg = Android_DebugGame|Win32
		{B882436F-A65A-444D-9E12-189D0571563E}.DebugGame|Android.Build.0 = Android_DebugGame|Win32
		{B882436F-A65A-444D-9E12-189D0571563E}.DebugGame|HTML5.ActiveCfg = HTML5_DebugGame|Win32
		{B882436F-A65A-444D-9E12-189D0571563E}.DebugGame|HTML5.Build.0 = HTML5_DebugGame|Win32
		{B882436F-A65A-444D-9E12-189D0571563E}.DebugGame|Win32.ActiveCfg = DebugGame|Win32
		{B882436F-A65A-444D-9E12-189D0571563E}.DebugGame|Win32.Build.0 = DebugGame|Win32
		{B882436F-A65A-444D-9E12-189D0571563E}.DebugGame|Win64.ActiveCfg = DebugGame|x64
		{B882436F-A65A-444D-9E12-189D0571563E}.DebugGame|Win64.Build.0 = DebugGame|x64
		{B882436F-A65A-444D-9E12-189D0571563E}.Development Editor|Android.ActiveCfg = Invalid|Win32
		{B882436F-A65A-444D-9E12-189D0571563E}.Development Editor|HTML5.ActiveCfg = Invalid|Win32
		{B882436F-A65A-444D-9E12-189D0571563E}.Development Editor|Win32.ActiveCfg = Invalid|Win32
		{B882436F-A65A-444D-9E12-189D0571563E}.Development Editor|Win64.ActiveCfg = Development_Editor|x64
		{B882436F-A65A-444D-9E12-189D0571563E}.Development Editor|Win64.Build.0 = Development_Editor|x64
		{B882436F-A65A-444D-9E12-189D0571563E}.Development|Android.ActiveCfg = Android_Development|Win32
		{B882436F-A65A-444D-9E12-189D0571563E}.Development|Android.Build.0 = Android_Development|Win32
		{B882436F-A65A-444D-9E12-189D0571563E}.Development|HTML5.ActiveCfg = HTML5_Development|Win32
		{B882436F-A65A-444D-9E12-189D0571563E}.Development|HTML5.Build.0 = HTML5_Development|Win32
		{B882436F-A65A-444D-9E12-189D0571563E}.Development|Win32.ActiveCfg = Development|Win32
		{B882436F-A65A-444D-9E12-189D0571563E}.Development|Win32.Build.0 = Development|Win32
		{B882436F-A65A-444D-9E12-189D0571563E}.Development|Win64.ActiveCfg = Development|x64
		{B882436F-A65A-444D-9E12-189D0571563E}.Development|Win64.Build.0 = Development|x64
		{B882436F-A65A-444D-9E12-189D0571563E}.Shipping|Android.ActiveCfg = Android_Shipping|Win32
		{B882436F-A65A-444D-9E12-189D0571563E}.Shipping|Android.Build.0 = Android_Shipping|Win32
		{B882436F-A65A-444D-9E12-189D0571563E}.Shipping|HTML5.ActiveCfg = HTML5_Shipping|Win32
		{B882436F-A65A-444D-9E12-189D0571563E}.Shipping|HTML5.Build.0 = HTML5_Shipping|Win32
		{B882436F-A65A-444D-9E12-189D0571563E}.Shipping|Win32.ActiveCfg = Shipping|Win32
		{B882436F-A65A-444D-9E12-189D0571563E}.Shipping|Win32.Build.0 = Shipping|Win32
		{B882436F-A65A-444D-9E12-189D0571563E}.Shipping|Win64.ActiveCfg = Shipping|x64
		{B882436F-A65A-444D-9E12-189D0571563E}.Shipping|Win64.Build.0 = Shipping|x64
	EndGlobalSection
	GlobalSection(SolutionProperties) = preSolution
		HideSolutionNode = FALSE
	EndGlobalSection
	GlobalSection(NestedProjects) = preSolution
		{1848B984-BE04-42E8-857A-E4B636EBAE67} = {C5A973C8-3B95-4B2A-9593-52D080ABA040}
		{B882436F-A65A-444D-9E12-189D0571563E} = {EEF421A7-6C30-4174-819A-618D21F8000D}
	EndGlobalSection
EndGlobal
